// !$*UTF8*$!
{
	archiveVersion = 1;
	classes = {
	};
	objectVersion = 46;
	objects = {

/* Begin PBXBuildFile section */
		907D5C9B23EDB47E001C99E5 /* NAHeap.c in Sources */ = {isa = PBXBuildFile; fileRef = 907D5BEF23EDB47E001C99E5 /* NAHeap.c */; };
		907D5C9E23EDB47E001C99E5 /* NABufferManipulation.c in Sources */ = {isa = PBXBuildFile; fileRef = 907D5BF323EDB47E001C99E5 /* NABufferManipulation.c */; };
		907D5CA123EDB47E001C99E5 /* NABufferPart.c in Sources */ = {isa = PBXBuildFile; fileRef = 907D5BF423EDB47E001C99E5 /* NABufferPart.c */; };
		907D5CA423EDB47E001C99E5 /* NABufferRead.c in Sources */ = {isa = PBXBuildFile; fileRef = 907D5BF623EDB47E001C99E5 /* NABufferRead.c */; };
		907D5CA723EDB47E001C99E5 /* NABufferIteration.c in Sources */ = {isa = PBXBuildFile; fileRef = 907D5BF923EDB47E001C99E5 /* NABufferIteration.c */; };
		907D5CAA23EDB47E001C99E5 /* NABufferWrite.c in Sources */ = {isa = PBXBuildFile; fileRef = 907D5BFA23EDB47E001C99E5 /* NABufferWrite.c */; };
		907D5CAD23EDB47E001C99E5 /* NABufferParse.c in Sources */ = {isa = PBXBuildFile; fileRef = 907D5BFD23EDB47E001C99E5 /* NABufferParse.c */; };
		907D5CB023EDB47E001C99E5 /* NABuffer.c in Sources */ = {isa = PBXBuildFile; fileRef = 907D5BFF23EDB47E001C99E5 /* NABuffer.c */; };
		907D5CB323EDB47E001C99E5 /* NAMemoryBlock.c in Sources */ = {isa = PBXBuildFile; fileRef = 907D5C0023EDB47E001C99E5 /* NAMemoryBlock.c */; };
		907D5CB623EDB47E001C99E5 /* NABufferSource.c in Sources */ = {isa = PBXBuildFile; fileRef = 907D5C0223EDB47E001C99E5 /* NABufferSource.c */; };
		907D5CB923EDB47E001C99E5 /* NATree.c in Sources */ = {isa = PBXBuildFile; fileRef = 907D5C0923EDB47E001C99E5 /* NATree.c */; };
		907D5CBC23EDB47E001C99E5 /* NATreeIteration.c in Sources */ = {isa = PBXBuildFile; fileRef = 907D5C0A23EDB47E001C99E5 /* NATreeIteration.c */; };
		907D5CBF23EDB47E001C99E5 /* NATreeBin.c in Sources */ = {isa = PBXBuildFile; fileRef = 907D5C0F23EDB47E001C99E5 /* NATreeBin.c */; };
		907D5CC223EDB47E001C99E5 /* NATreeOct.c in Sources */ = {isa = PBXBuildFile; fileRef = 907D5C1023EDB47E001C99E5 /* NATreeOct.c */; };
		907D5CC523EDB47E001C99E5 /* NATreeQuad.c in Sources */ = {isa = PBXBuildFile; fileRef = 907D5C1123EDB47E001C99E5 /* NATreeQuad.c */; };
		907D5CC823EDB47E001C99E5 /* NATreeConfiguration.c in Sources */ = {isa = PBXBuildFile; fileRef = 907D5C1223EDB47E001C99E5 /* NATreeConfiguration.c */; };
		907D5CCB23EDB47E001C99E5 /* NATreeAVL.c in Sources */ = {isa = PBXBuildFile; fileRef = 907D5C1423EDB47E001C99E5 /* NATreeAVL.c */; };
		907D5CCE23EDB47E001C99E5 /* NAString.c in Sources */ = {isa = PBXBuildFile; fileRef = 907D5C1823EDB47E001C99E5 /* NAString.c */; };
		907D5CD123EDB47E001C99E5 /* NAList.c in Sources */ = {isa = PBXBuildFile; fileRef = 907D5C1923EDB47E001C99E5 /* NAList.c */; };
		907D5CD423EDB47E001C99E5 /* NADebug.c in Sources */ = {isa = PBXBuildFile; fileRef = 907D5C1D23EDB47E001C99E5 /* NADebug.c */; };
		907D5CD723EDB47E001C99E5 /* NAPNG.c in Sources */ = {isa = PBXBuildFile; fileRef = 907D5C2D23EDB47E001C99E5 /* NAPNG.c */; };
		907D5CDA23EDB47E001C99E5 /* NABabyColor.c in Sources */ = {isa = PBXBuildFile; fileRef = 907D5C2E23EDB47E001C99E5 /* NABabyColor.c */; };
		907D5CDD23EDB47E001C99E5 /* NABabyImage.c in Sources */ = {isa = PBXBuildFile; fileRef = 907D5C2F23EDB47E001C99E5 /* NABabyImage.c */; };
		907D5CE023EDB47E001C99E5 /* NADeflate.c in Sources */ = {isa = PBXBuildFile; fileRef = 907D5C3023EDB47E001C99E5 /* NADeflate.c */; };
		907D5CE323EDB47E001C99E5 /* NAFile.c in Sources */ = {isa = PBXBuildFile; fileRef = 907D5C3923EDB47E001C99E5 /* NAFile.c */; };
		907D5CE623EDB47E001C99E5 /* NADateTime.c in Sources */ = {isa = PBXBuildFile; fileRef = 907D5C3A23EDB47E001C99E5 /* NADateTime.c */; };
		907D5CE923EDB47E001C99E5 /* NAURL.c in Sources */ = {isa = PBXBuildFile; fileRef = 907D5C4023EDB47E001C99E5 /* NAURL.c */; };
		907D5CEC23EDB47E001C99E5 /* NARuntime.c in Sources */ = {isa = PBXBuildFile; fileRef = 907D5C4923EDB47E001C99E5 /* NARuntime.c */; };
		907D5CEF23EDB47E001C99E5 /* NABinaryData.c in Sources */ = {isa = PBXBuildFile; fileRef = 907D5C4C23EDB47E001C99E5 /* NABinaryData.c */; };
		907D5CF223EDB47E001C99E5 /* NACocoa.m in Sources */ = {isa = PBXBuildFile; fileRef = 907D5C5623EDB47E001C99E5 /* NACocoa.m */; };
		907D5CF523EDB47E001C99E5 /* NATranslator.c in Sources */ = {isa = PBXBuildFile; fileRef = 907D5C6823EDB47E001C99E5 /* NATranslator.c */; };
		907D5CF823EDB47E001C99E5 /* NAUICore.c in Sources */ = {isa = PBXBuildFile; fileRef = 907D5C6B23EDB47E001C99E5 /* NAUICore.c */; };
		907D5CFB23EDB47E001C99E5 /* NAUIWINAPI.c in Sources */ = {isa = PBXBuildFile; fileRef = 907D5C6E23EDB47E001C99E5 /* NAUIWINAPI.c */; };
		907D5CFE23EDB47E001C99E5 /* NAUIImage.c in Sources */ = {isa = PBXBuildFile; fileRef = 907D5C7F23EDB47E001C99E5 /* NAUIImage.c */; };
		90A7DDA723EBFA8C00B60069 /* FIAccount.c in Sources */ = {isa = PBXBuildFile; fileRef = 901394FE23EB4F8D00176312 /* FIAccount.c */; };
		90A7DDA823EBFA8C00B60069 /* FIBooking.c in Sources */ = {isa = PBXBuildFile; fileRef = 901394FF23EB4F8D00176312 /* FIBooking.c */; };
		90A7DDA923EBFA8C00B60069 /* FIFungible.c in Sources */ = {isa = PBXBuildFile; fileRef = 9013950023EB4F8D00176312 /* FIFungible.c */; };
		90A7DDAA23EBFA8C00B60069 /* FIPeriod.c in Sources */ = {isa = PBXBuildFile; fileRef = 9013950123EB4F8D00176312 /* FIPeriod.c */; };
		90A7DDAB23EBFA8F00B60069 /* FIUnit.c in Sources */ = {isa = PBXBuildFile; fileRef = 9013950423EB4F8D00176312 /* FIUnit.c */; };
		90A7DFC423ECA1C000B60069 /* smallCompany.c in Sources */ = {isa = PBXBuildFile; fileRef = 9013951223EB4F9600176312 /* smallCompany.c */; };
/* End PBXBuildFile section */

/* Begin PBXCopyFilesBuildPhase section */
		90A7DD9D23EBF93A00B60069 /* CopyFiles */ = {
			isa = PBXCopyFilesBuildPhase;
			buildActionMask = 2147483647;
			dstPath = /usr/share/man/man1/;
			dstSubfolderSpec = 0;
			files = (
			);
			runOnlyForDeploymentPostprocessing = 1;
		};
/* End PBXCopyFilesBuildPhase section */

/* Begin PBXFileReference section */
		901394FC23EB4F8D00176312 /* Firmy.vcxproj */ = {isa = PBXFileReference; fileEncoding = 4; lastKnownFileType = text.xml; path = Firmy.vcxproj; sourceTree = "<group>"; };
		901394FE23EB4F8D00176312 /* FIAccount.c */ = {isa = PBXFileReference; fileEncoding = 4; lastKnownFileType = sourcecode.c.c; path = FIAccount.c; sourceTree = "<group>"; };
		901394FF23EB4F8D00176312 /* FIBooking.c */ = {isa = PBXFileReference; fileEncoding = 4; lastKnownFileType = sourcecode.c.c; path = FIBooking.c; sourceTree = "<group>"; };
		9013950023EB4F8D00176312 /* FIFungible.c */ = {isa = PBXFileReference; fileEncoding = 4; lastKnownFileType = sourcecode.c.c; path = FIFungible.c; sourceTree = "<group>"; };
		9013950123EB4F8D00176312 /* FIPeriod.c */ = {isa = PBXFileReference; fileEncoding = 4; lastKnownFileType = sourcecode.c.c; path = FIPeriod.c; sourceTree = "<group>"; };
		9013950223EB4F8D00176312 /* FirmyInternal.h */ = {isa = PBXFileReference; fileEncoding = 4; lastKnownFileType = sourcecode.c.h; path = FirmyInternal.h; sourceTree = "<group>"; };
		9013950323EB4F8D00176312 /* Firmy.h */ = {isa = PBXFileReference; fileEncoding = 4; lastKnownFileType = sourcecode.c.h; path = Firmy.h; sourceTree = "<group>"; };
		9013950423EB4F8D00176312 /* FIUnit.c */ = {isa = PBXFileReference; fileEncoding = 4; lastKnownFileType = sourcecode.c.c; path = FIUnit.c; sourceTree = "<group>"; };
		9013951023EB4F9600176312 /* Test.vcxproj */ = {isa = PBXFileReference; fileEncoding = 4; lastKnownFileType = text.xml; path = Test.vcxproj; sourceTree = "<group>"; };
		9013951223EB4F9600176312 /* smallCompany.c */ = {isa = PBXFileReference; fileEncoding = 4; lastKnownFileType = sourcecode.c.c; path = smallCompany.c; sourceTree = "<group>"; };
		907D5BD923EDB47E001C99E5 /* NALib.vcxproj */ = {isa = PBXFileReference; fileEncoding = 4; lastKnownFileType = text.xml; path = NALib.vcxproj; sourceTree = "<group>"; };
		907D5BDA23EDB47E001C99E5 /* NALibVS2010.vcxproj */ = {isa = PBXFileReference; fileEncoding = 4; lastKnownFileType = text.xml; path = NALibVS2010.vcxproj; sourceTree = "<group>"; };
		907D5BDC23EDB47E001C99E5 /* NAMathConstants.h */ = {isa = PBXFileReference; fileEncoding = 4; lastKnownFileType = sourcecode.c.h; path = NAMathConstants.h; sourceTree = "<group>"; };
		907D5BDD23EDB47E001C99E5 /* NAMemory.h */ = {isa = PBXFileReference; fileEncoding = 4; lastKnownFileType = sourcecode.c.h; path = NAMemory.h; sourceTree = "<group>"; };
		907D5BDE23EDB47E001C99E5 /* NAComplex.h */ = {isa = PBXFileReference; fileEncoding = 4; lastKnownFileType = sourcecode.c.h; path = NAComplex.h; sourceTree = "<group>"; };
		907D5BDF23EDB47E001C99E5 /* NAConfiguration.h */ = {isa = PBXFileReference; fileEncoding = 4; lastKnownFileType = sourcecode.c.h; path = NAConfiguration.h; sourceTree = "<group>"; };
		907D5BE023EDB47E001C99E5 /* NABase.h */ = {isa = PBXFileReference; fileEncoding = 4; lastKnownFileType = sourcecode.c.h; path = NABase.h; sourceTree = "<group>"; };
		907D5BE123EDB47E001C99E5 /* NABuffer.h */ = {isa = PBXFileReference; fileEncoding = 4; lastKnownFileType = sourcecode.c.h; path = NABuffer.h; sourceTree = "<group>"; };
		907D5BE223EDB47E001C99E5 /* NAArray.h */ = {isa = PBXFileReference; fileEncoding = 4; lastKnownFileType = sourcecode.c.h; path = NAArray.h; sourceTree = "<group>"; };
		907D5BE323EDB47E001C99E5 /* NAThreading.h */ = {isa = PBXFileReference; fileEncoding = 4; lastKnownFileType = sourcecode.c.h; path = NAThreading.h; sourceTree = "<group>"; };
		907D5BE423EDB47E001C99E5 /* NAStack.h */ = {isa = PBXFileReference; fileEncoding = 4; lastKnownFileType = sourcecode.c.h; path = NAStack.h; sourceTree = "<group>"; };
		907D5BE523EDB47E001C99E5 /* NADeflate.h */ = {isa = PBXFileReference; fileEncoding = 4; lastKnownFileType = sourcecode.c.h; path = NADeflate.h; sourceTree = "<group>"; };
		907D5BE623EDB47E001C99E5 /* NAList.h */ = {isa = PBXFileReference; fileEncoding = 4; lastKnownFileType = sourcecode.c.h; path = NAList.h; sourceTree = "<group>"; };
		907D5BE723EDB47E001C99E5 /* NABabyImage.h */ = {isa = PBXFileReference; fileEncoding = 4; lastKnownFileType = sourcecode.c.h; path = NABabyImage.h; sourceTree = "<group>"; };
		907D5BE823EDB47E001C99E5 /* NAString.h */ = {isa = PBXFileReference; fileEncoding = 4; lastKnownFileType = sourcecode.c.h; path = NAString.h; sourceTree = "<group>"; };
		907D5BE923EDB47E001C99E5 /* NARandom.h */ = {isa = PBXFileReference; fileEncoding = 4; lastKnownFileType = sourcecode.c.h; path = NARandom.h; sourceTree = "<group>"; };
		907D5BEA23EDB47E001C99E5 /* NAPreferences.h */ = {isa = PBXFileReference; fileEncoding = 4; lastKnownFileType = sourcecode.c.h; path = NAPreferences.h; sourceTree = "<group>"; };
		907D5BED23EDB47E001C99E5 /* NAHeapII.h */ = {isa = PBXFileReference; fileEncoding = 4; lastKnownFileType = sourcecode.c.h; path = NAHeapII.h; sourceTree = "<group>"; };
		907D5BEE23EDB47E001C99E5 /* NAHeapT.h */ = {isa = PBXFileReference; fileEncoding = 4; lastKnownFileType = sourcecode.c.h; path = NAHeapT.h; sourceTree = "<group>"; };
		907D5BEF23EDB47E001C99E5 /* NAHeap.c */ = {isa = PBXFileReference; fileEncoding = 4; lastKnownFileType = sourcecode.c.c; path = NAHeap.c; sourceTree = "<group>"; };
		907D5BF023EDB47E001C99E5 /* NAStringII.h */ = {isa = PBXFileReference; fileEncoding = 4; lastKnownFileType = sourcecode.c.h; path = NAStringII.h; sourceTree = "<group>"; };
		907D5BF223EDB47E001C99E5 /* NABufferII.h */ = {isa = PBXFileReference; fileEncoding = 4; lastKnownFileType = sourcecode.c.h; path = NABufferII.h; sourceTree = "<group>"; };
		907D5BF323EDB47E001C99E5 /* NABufferManipulation.c */ = {isa = PBXFileReference; fileEncoding = 4; lastKnownFileType = sourcecode.c.c; path = NABufferManipulation.c; sourceTree = "<group>"; };
		907D5BF423EDB47E001C99E5 /* NABufferPart.c */ = {isa = PBXFileReference; fileEncoding = 4; lastKnownFileType = sourcecode.c.c; path = NABufferPart.c; sourceTree = "<group>"; };
		907D5BF523EDB47E001C99E5 /* NABufferWriteII.h */ = {isa = PBXFileReference; fileEncoding = 4; lastKnownFileType = sourcecode.c.h; path = NABufferWriteII.h; sourceTree = "<group>"; };
		907D5BF623EDB47E001C99E5 /* NABufferRead.c */ = {isa = PBXFileReference; fileEncoding = 4; lastKnownFileType = sourcecode.c.c; path = NABufferRead.c; sourceTree = "<group>"; };
		907D5BF723EDB47E001C99E5 /* NABufferIterationII.h */ = {isa = PBXFileReference; fileEncoding = 4; lastKnownFileType = sourcecode.c.h; path = NABufferIterationII.h; sourceTree = "<group>"; };
		907D5BF823EDB47E001C99E5 /* NABufferParseII.h */ = {isa = PBXFileReference; fileEncoding = 4; lastKnownFileType = sourcecode.c.h; path = NABufferParseII.h; sourceTree = "<group>"; };
		907D5BF923EDB47E001C99E5 /* NABufferIteration.c */ = {isa = PBXFileReference; fileEncoding = 4; lastKnownFileType = sourcecode.c.c; path = NABufferIteration.c; sourceTree = "<group>"; };
		907D5BFA23EDB47E001C99E5 /* NABufferWrite.c */ = {isa = PBXFileReference; fileEncoding = 4; lastKnownFileType = sourcecode.c.c; path = NABufferWrite.c; sourceTree = "<group>"; };
		907D5BFB23EDB47E001C99E5 /* NABufferHelperII.h */ = {isa = PBXFileReference; fileEncoding = 4; lastKnownFileType = sourcecode.c.h; path = NABufferHelperII.h; sourceTree = "<group>"; };
		907D5BFC23EDB47E001C99E5 /* NAMemoryBlockII.h */ = {isa = PBXFileReference; fileEncoding = 4; lastKnownFileType = sourcecode.c.h; path = NAMemoryBlockII.h; sourceTree = "<group>"; };
		907D5BFD23EDB47E001C99E5 /* NABufferParse.c */ = {isa = PBXFileReference; fileEncoding = 4; lastKnownFileType = sourcecode.c.c; path = NABufferParse.c; sourceTree = "<group>"; };
		907D5BFE23EDB47E001C99E5 /* NABufferPartII.h */ = {isa = PBXFileReference; fileEncoding = 4; lastKnownFileType = sourcecode.c.h; path = NABufferPartII.h; sourceTree = "<group>"; };
		907D5BFF23EDB47E001C99E5 /* NABuffer.c */ = {isa = PBXFileReference; fileEncoding = 4; lastKnownFileType = sourcecode.c.c; path = NABuffer.c; sourceTree = "<group>"; };
		907D5C0023EDB47E001C99E5 /* NAMemoryBlock.c */ = {isa = PBXFileReference; fileEncoding = 4; lastKnownFileType = sourcecode.c.c; path = NAMemoryBlock.c; sourceTree = "<group>"; };
		907D5C0123EDB47E001C99E5 /* NABufferReadII.h */ = {isa = PBXFileReference; fileEncoding = 4; lastKnownFileType = sourcecode.c.h; path = NABufferReadII.h; sourceTree = "<group>"; };
		907D5C0223EDB47E001C99E5 /* NABufferSource.c */ = {isa = PBXFileReference; fileEncoding = 4; lastKnownFileType = sourcecode.c.c; path = NABufferSource.c; sourceTree = "<group>"; };
		907D5C0323EDB47E001C99E5 /* NABufferSourceII.h */ = {isa = PBXFileReference; fileEncoding = 4; lastKnownFileType = sourcecode.c.h; path = NABufferSourceII.h; sourceTree = "<group>"; };
		907D5C0423EDB47E001C99E5 /* NAStackII.h */ = {isa = PBXFileReference; fileEncoding = 4; lastKnownFileType = sourcecode.c.h; path = NAStackII.h; sourceTree = "<group>"; };
		907D5C0523EDB47E001C99E5 /* NACircularBufferII.h */ = {isa = PBXFileReference; fileEncoding = 4; lastKnownFileType = sourcecode.c.h; path = NACircularBufferII.h; sourceTree = "<group>"; };
		907D5C0723EDB47E001C99E5 /* NATreeOct.h */ = {isa = PBXFileReference; fileEncoding = 4; lastKnownFileType = sourcecode.c.h; path = NATreeOct.h; sourceTree = "<group>"; };
		907D5C0823EDB47E001C99E5 /* NATreeBin.h */ = {isa = PBXFileReference; fileEncoding = 4; lastKnownFileType = sourcecode.c.h; path = NATreeBin.h; sourceTree = "<group>"; };
		907D5C0923EDB47E001C99E5 /* NATree.c */ = {isa = PBXFileReference; fileEncoding = 4; lastKnownFileType = sourcecode.c.c; path = NATree.c; sourceTree = "<group>"; };
		907D5C0A23EDB47E001C99E5 /* NATreeIteration.c */ = {isa = PBXFileReference; fileEncoding = 4; lastKnownFileType = sourcecode.c.c; path = NATreeIteration.c; sourceTree = "<group>"; };
		907D5C0B23EDB47E001C99E5 /* NATreeQuad.h */ = {isa = PBXFileReference; fileEncoding = 4; lastKnownFileType = sourcecode.c.h; path = NATreeQuad.h; sourceTree = "<group>"; };
		907D5C0C23EDB47E001C99E5 /* NATreeConfigurationII.h */ = {isa = PBXFileReference; fileEncoding = 4; lastKnownFileType = sourcecode.c.h; path = NATreeConfigurationII.h; sourceTree = "<group>"; };
		907D5C0D23EDB47E001C99E5 /* NATreeII.h */ = {isa = PBXFileReference; fileEncoding = 4; lastKnownFileType = sourcecode.c.h; path = NATreeII.h; sourceTree = "<group>"; };
		907D5C0E23EDB47E001C99E5 /* NATreeIterationII.h */ = {isa = PBXFileReference; fileEncoding = 4; lastKnownFileType = sourcecode.c.h; path = NATreeIterationII.h; sourceTree = "<group>"; };
		907D5C0F23EDB47E001C99E5 /* NATreeBin.c */ = {isa = PBXFileReference; fileEncoding = 4; lastKnownFileType = sourcecode.c.c; path = NATreeBin.c; sourceTree = "<group>"; };
		907D5C1023EDB47E001C99E5 /* NATreeOct.c */ = {isa = PBXFileReference; fileEncoding = 4; lastKnownFileType = sourcecode.c.c; path = NATreeOct.c; sourceTree = "<group>"; };
		907D5C1123EDB47E001C99E5 /* NATreeQuad.c */ = {isa = PBXFileReference; fileEncoding = 4; lastKnownFileType = sourcecode.c.c; path = NATreeQuad.c; sourceTree = "<group>"; };
		907D5C1223EDB47E001C99E5 /* NATreeConfiguration.c */ = {isa = PBXFileReference; fileEncoding = 4; lastKnownFileType = sourcecode.c.c; path = NATreeConfiguration.c; sourceTree = "<group>"; };
		907D5C1323EDB47E001C99E5 /* NATreeUtilitiesII.h */ = {isa = PBXFileReference; fileEncoding = 4; lastKnownFileType = sourcecode.c.h; path = NATreeUtilitiesII.h; sourceTree = "<group>"; };
		907D5C1423EDB47E001C99E5 /* NATreeAVL.c */ = {isa = PBXFileReference; fileEncoding = 4; lastKnownFileType = sourcecode.c.c; path = NATreeAVL.c; sourceTree = "<group>"; };
		907D5C1523EDB47E001C99E5 /* NATreeItemII.h */ = {isa = PBXFileReference; fileEncoding = 4; lastKnownFileType = sourcecode.c.h; path = NATreeItemII.h; sourceTree = "<group>"; };
		907D5C1623EDB47E001C99E5 /* NAPoolII.h */ = {isa = PBXFileReference; fileEncoding = 4; lastKnownFileType = sourcecode.c.h; path = NAPoolII.h; sourceTree = "<group>"; };
		907D5C1723EDB47E001C99E5 /* NAListII.h */ = {isa = PBXFileReference; fileEncoding = 4; lastKnownFileType = sourcecode.c.h; path = NAListII.h; sourceTree = "<group>"; };
		907D5C1823EDB47E001C99E5 /* NAString.c */ = {isa = PBXFileReference; fileEncoding = 4; lastKnownFileType = sourcecode.c.c; path = NAString.c; sourceTree = "<group>"; };
		907D5C1923EDB47E001C99E5 /* NAList.c */ = {isa = PBXFileReference; fileEncoding = 4; lastKnownFileType = sourcecode.c.c; path = NAList.c; sourceTree = "<group>"; };
		907D5C1A23EDB47E001C99E5 /* NAArrayII.h */ = {isa = PBXFileReference; fileEncoding = 4; lastKnownFileType = sourcecode.c.h; path = NAArrayII.h; sourceTree = "<group>"; };
		907D5C1C23EDB47E001C99E5 /* NAInteger.h */ = {isa = PBXFileReference; fileEncoding = 4; lastKnownFileType = sourcecode.c.h; path = NAInteger.h; sourceTree = "<group>"; };
		907D5C1D23EDB47E001C99E5 /* NADebug.c */ = {isa = PBXFileReference; fileEncoding = 4; lastKnownFileType = sourcecode.c.c; path = NADebug.c; sourceTree = "<group>"; };
		907D5C1E23EDB47E001C99E5 /* NANumerics.h */ = {isa = PBXFileReference; fileEncoding = 4; lastKnownFileType = sourcecode.c.h; path = NANumerics.h; sourceTree = "<group>"; };
		907D5C1F23EDB47E001C99E5 /* NATemplate.h */ = {isa = PBXFileReference; fileEncoding = 4; lastKnownFileType = sourcecode.c.h; path = NATemplate.h; sourceTree = "<group>"; };
		907D5C2023EDB47E001C99E5 /* NAFloatingPoint.h */ = {isa = PBXFileReference; fileEncoding = 4; lastKnownFileType = sourcecode.c.h; path = NAFloatingPoint.h; sourceTree = "<group>"; };
		907D5C2123EDB47E001C99E5 /* NAInt64II.h */ = {isa = PBXFileReference; fileEncoding = 4; lastKnownFileType = sourcecode.c.h; path = NAInt64II.h; sourceTree = "<group>"; };
		907D5C2223EDB47E001C99E5 /* NAChar.h */ = {isa = PBXFileReference; fileEncoding = 4; lastKnownFileType = sourcecode.c.h; path = NAChar.h; sourceTree = "<group>"; };
		907D5C2323EDB47E001C99E5 /* NAEnvironment.h */ = {isa = PBXFileReference; fileEncoding = 4; lastKnownFileType = sourcecode.c.h; path = NAEnvironment.h; sourceTree = "<group>"; };
		907D5C2423EDB47E001C99E5 /* NADebug.h */ = {isa = PBXFileReference; fileEncoding = 4; lastKnownFileType = sourcecode.c.h; path = NADebug.h; sourceTree = "<group>"; };
		907D5C2523EDB47E001C99E5 /* NALanguage.h */ = {isa = PBXFileReference; fileEncoding = 4; lastKnownFileType = sourcecode.c.h; path = NALanguage.h; sourceTree = "<group>"; };
		907D5C2623EDB47E001C99E5 /* NAInt64.h */ = {isa = PBXFileReference; fileEncoding = 4; lastKnownFileType = sourcecode.c.h; path = NAInt64.h; sourceTree = "<group>"; };
		907D5C2723EDB47E001C99E5 /* NANumericsII.h */ = {isa = PBXFileReference; fileEncoding = 4; lastKnownFileType = sourcecode.c.h; path = NANumericsII.h; sourceTree = "<group>"; };
		907D5C2823EDB47E001C99E5 /* NAFloatingPointII.h */ = {isa = PBXFileReference; fileEncoding = 4; lastKnownFileType = sourcecode.c.h; path = NAFloatingPointII.h; sourceTree = "<group>"; };
		907D5C2923EDB47E001C99E5 /* NACompiler.h */ = {isa = PBXFileReference; fileEncoding = 4; lastKnownFileType = sourcecode.c.h; path = NACompiler.h; sourceTree = "<group>"; };
		907D5C2A23EDB47E001C99E5 /* NAURL.h */ = {isa = PBXFileReference; fileEncoding = 4; lastKnownFileType = sourcecode.c.h; path = NAURL.h; sourceTree = "<group>"; };
		907D5C2B23EDB47E001C99E5 /* NAHeap.h */ = {isa = PBXFileReference; fileEncoding = 4; lastKnownFileType = sourcecode.c.h; path = NAHeap.h; sourceTree = "<group>"; };
		907D5C2D23EDB47E001C99E5 /* NAPNG.c */ = {isa = PBXFileReference; fileEncoding = 4; lastKnownFileType = sourcecode.c.c; path = NAPNG.c; sourceTree = "<group>"; };
		907D5C2E23EDB47E001C99E5 /* NABabyColor.c */ = {isa = PBXFileReference; fileEncoding = 4; lastKnownFileType = sourcecode.c.c; path = NABabyColor.c; sourceTree = "<group>"; };
		907D5C2F23EDB47E001C99E5 /* NABabyImage.c */ = {isa = PBXFileReference; fileEncoding = 4; lastKnownFileType = sourcecode.c.c; path = NABabyImage.c; sourceTree = "<group>"; };
		907D5C3023EDB47E001C99E5 /* NADeflate.c */ = {isa = PBXFileReference; fileEncoding = 4; lastKnownFileType = sourcecode.c.c; path = NADeflate.c; sourceTree = "<group>"; };
		907D5C3123EDB47E001C99E5 /* NAPNG.h */ = {isa = PBXFileReference; fileEncoding = 4; lastKnownFileType = sourcecode.c.h; path = NAPNG.h; sourceTree = "<group>"; };
		907D5C3223EDB47E001C99E5 /* NAFile.h */ = {isa = PBXFileReference; fileEncoding = 4; lastKnownFileType = sourcecode.c.h; path = NAFile.h; sourceTree = "<group>"; };
		907D5C3323EDB47E001C99E5 /* NAVectorAlgebra.h */ = {isa = PBXFileReference; fileEncoding = 4; lastKnownFileType = sourcecode.c.h; path = NAVectorAlgebra.h; sourceTree = "<group>"; };
		907D5C3423EDB47E001C99E5 /* NAMathOperators.h */ = {isa = PBXFileReference; fileEncoding = 4; lastKnownFileType = sourcecode.c.h; path = NAMathOperators.h; sourceTree = "<group>"; };
		907D5C3523EDB47E001C99E5 /* NADateTime.h */ = {isa = PBXFileReference; fileEncoding = 4; lastKnownFileType = sourcecode.c.h; path = NADateTime.h; sourceTree = "<group>"; };
		907D5C3623EDB47E001C99E5 /* NABinaryData.h */ = {isa = PBXFileReference; fileEncoding = 4; lastKnownFileType = sourcecode.c.h; path = NABinaryData.h; sourceTree = "<group>"; };
		907D5C3723EDB47E001C99E5 /* NAUI.h */ = {isa = PBXFileReference; fileEncoding = 4; lastKnownFileType = sourcecode.c.h; path = NAUI.h; sourceTree = "<group>"; };
		907D5C3923EDB47E001C99E5 /* NAFile.c */ = {isa = PBXFileReference; fileEncoding = 4; lastKnownFileType = sourcecode.c.c; path = NAFile.c; sourceTree = "<group>"; };
		907D5C3A23EDB47E001C99E5 /* NADateTime.c */ = {isa = PBXFileReference; fileEncoding = 4; lastKnownFileType = sourcecode.c.c; path = NADateTime.c; sourceTree = "<group>"; };
		907D5C3B23EDB47E001C99E5 /* NADateTimeII.h */ = {isa = PBXFileReference; fileEncoding = 4; lastKnownFileType = sourcecode.c.h; path = NADateTimeII.h; sourceTree = "<group>"; };
		907D5C3C23EDB47E001C99E5 /* NAThreadingII.h */ = {isa = PBXFileReference; fileEncoding = 4; lastKnownFileType = sourcecode.c.h; path = NAThreadingII.h; sourceTree = "<group>"; };
		907D5C3D23EDB47E001C99E5 /* NAURLII.h */ = {isa = PBXFileReference; fileEncoding = 4; lastKnownFileType = sourcecode.c.h; path = NAURLII.h; sourceTree = "<group>"; };
		907D5C3E23EDB47E001C99E5 /* NAFileII.h */ = {isa = PBXFileReference; fileEncoding = 4; lastKnownFileType = sourcecode.c.h; path = NAFileII.h; sourceTree = "<group>"; };
		907D5C3F23EDB47E001C99E5 /* NAKeyII.h */ = {isa = PBXFileReference; fileEncoding = 4; lastKnownFileType = sourcecode.c.h; path = NAKeyII.h; sourceTree = "<group>"; };
		907D5C4023EDB47E001C99E5 /* NAURL.c */ = {isa = PBXFileReference; fileEncoding = 4; lastKnownFileType = sourcecode.c.c; path = NAURL.c; sourceTree = "<group>"; };
		907D5C4223EDB47E001C99E5 /* NARuntimeII.h */ = {isa = PBXFileReference; fileEncoding = 4; lastKnownFileType = sourcecode.c.h; path = NARuntimeII.h; sourceTree = "<group>"; };
		907D5C4323EDB47E001C99E5 /* NARefCountII.h */ = {isa = PBXFileReference; fileEncoding = 4; lastKnownFileType = sourcecode.c.h; path = NARefCountII.h; sourceTree = "<group>"; };
		907D5C4423EDB47E001C99E5 /* NAMallocFreeII.h */ = {isa = PBXFileReference; fileEncoding = 4; lastKnownFileType = sourcecode.c.h; path = NAMallocFreeII.h; sourceTree = "<group>"; };
		907D5C4523EDB47E001C99E5 /* NAMemoryII.h */ = {isa = PBXFileReference; fileEncoding = 4; lastKnownFileType = sourcecode.c.h; path = NAMemoryII.h; sourceTree = "<group>"; };
		907D5C4623EDB47E001C99E5 /* NAPointerII.h */ = {isa = PBXFileReference; fileEncoding = 4; lastKnownFileType = sourcecode.c.h; path = NAPointerII.h; sourceTree = "<group>"; };
		907D5C4723EDB47E001C99E5 /* NAPtrII.h */ = {isa = PBXFileReference; fileEncoding = 4; lastKnownFileType = sourcecode.c.h; path = NAPtrII.h; sourceTree = "<group>"; };
		907D5C4823EDB47E001C99E5 /* NASmartPtrII.h */ = {isa = PBXFileReference; fileEncoding = 4; lastKnownFileType = sourcecode.c.h; path = NASmartPtrII.h; sourceTree = "<group>"; };
		907D5C4923EDB47E001C99E5 /* NARuntime.c */ = {isa = PBXFileReference; fileEncoding = 4; lastKnownFileType = sourcecode.c.c; path = NARuntime.c; sourceTree = "<group>"; };
		907D5C4A23EDB47E001C99E5 /* NAValueHelper.h */ = {isa = PBXFileReference; fileEncoding = 4; lastKnownFileType = sourcecode.c.h; path = NAValueHelper.h; sourceTree = "<group>"; };
		907D5C4C23EDB47E001C99E5 /* NABinaryData.c */ = {isa = PBXFileReference; fileEncoding = 4; lastKnownFileType = sourcecode.c.c; path = NABinaryData.c; sourceTree = "<group>"; };
		907D5C4D23EDB47E001C99E5 /* NABinaryDataII.h */ = {isa = PBXFileReference; fileEncoding = 4; lastKnownFileType = sourcecode.c.h; path = NABinaryDataII.h; sourceTree = "<group>"; };
		907D5C4E23EDB47E001C99E5 /* NAEndiannessII.h */ = {isa = PBXFileReference; fileEncoding = 4; lastKnownFileType = sourcecode.c.h; path = NAEndiannessII.h; sourceTree = "<group>"; };
		907D5C4F23EDB47E001C99E5 /* NAKey.h */ = {isa = PBXFileReference; fileEncoding = 4; lastKnownFileType = sourcecode.c.h; path = NAKey.h; sourceTree = "<group>"; };
		907D5C5023EDB47E001C99E5 /* NATree.h */ = {isa = PBXFileReference; fileEncoding = 4; lastKnownFileType = sourcecode.c.h; path = NATree.h; sourceTree = "<group>"; };
		907D5C5123EDB47E001C99E5 /* NACircularBuffer.h */ = {isa = PBXFileReference; fileEncoding = 4; lastKnownFileType = sourcecode.c.h; path = NACircularBuffer.h; sourceTree = "<group>"; };
		907D5C5323EDB47E001C99E5 /* NAUICore.h */ = {isa = PBXFileReference; fileEncoding = 4; lastKnownFileType = sourcecode.c.h; path = NAUICore.h; sourceTree = "<group>"; };
		907D5C5623EDB47E001C99E5 /* NACocoa.m */ = {isa = PBXFileReference; fileEncoding = 4; lastKnownFileType = sourcecode.c.objc; path = NACocoa.m; sourceTree = "<group>"; };
		907D5C5823EDB47E001C99E5 /* NAPreferencesCocoaII.h */ = {isa = PBXFileReference; fileEncoding = 4; lastKnownFileType = sourcecode.c.h; path = NAPreferencesCocoaII.h; sourceTree = "<group>"; };
		907D5C5A23EDB47E001C99E5 /* NATextBoxII.h */ = {isa = PBXFileReference; fileEncoding = 4; lastKnownFileType = sourcecode.c.h; path = NATextBoxII.h; sourceTree = "<group>"; };
		907D5C5B23EDB47E001C99E5 /* NAApplicationII.h */ = {isa = PBXFileReference; fileEncoding = 4; lastKnownFileType = sourcecode.c.h; path = NAApplicationII.h; sourceTree = "<group>"; };
		907D5C5C23EDB47E001C99E5 /* NAWindowII.h */ = {isa = PBXFileReference; fileEncoding = 4; lastKnownFileType = sourcecode.c.h; path = NAWindowII.h; sourceTree = "<group>"; };
		907D5C5D23EDB47E001C99E5 /* NAUICocoaLegacyII.h */ = {isa = PBXFileReference; fileEncoding = 4; lastKnownFileType = sourcecode.c.h; path = NAUICocoaLegacyII.h; sourceTree = "<group>"; };
		907D5C5E23EDB47E001C99E5 /* NAButtonII.h */ = {isa = PBXFileReference; fileEncoding = 4; lastKnownFileType = sourcecode.c.h; path = NAButtonII.h; sourceTree = "<group>"; };
		907D5C5F23EDB47E001C99E5 /* NACheckBoxII.h */ = {isa = PBXFileReference; fileEncoding = 4; lastKnownFileType = sourcecode.c.h; path = NACheckBoxII.h; sourceTree = "<group>"; };
		907D5C6023EDB47E001C99E5 /* NARadioII.h */ = {isa = PBXFileReference; fileEncoding = 4; lastKnownFileType = sourcecode.c.h; path = NARadioII.h; sourceTree = "<group>"; };
		907D5C6123EDB47E001C99E5 /* NAOpenGLSpaceII.h */ = {isa = PBXFileReference; fileEncoding = 4; lastKnownFileType = sourcecode.c.h; path = NAOpenGLSpaceII.h; sourceTree = "<group>"; };
		907D5C6223EDB47E001C99E5 /* NAUICocoaII.h */ = {isa = PBXFileReference; fileEncoding = 4; lastKnownFileType = sourcecode.c.h; path = NAUICocoaII.h; sourceTree = "<group>"; };
		907D5C6323EDB47E001C99E5 /* NASpaceII.h */ = {isa = PBXFileReference; fileEncoding = 4; lastKnownFileType = sourcecode.c.h; path = NASpaceII.h; sourceTree = "<group>"; };
		907D5C6423EDB47E001C99E5 /* NAImageSpaceII.h */ = {isa = PBXFileReference; fileEncoding = 4; lastKnownFileType = sourcecode.c.h; path = NAImageSpaceII.h; sourceTree = "<group>"; };
		907D5C6523EDB47E001C99E5 /* NALabelII.h */ = {isa = PBXFileReference; fileEncoding = 4; lastKnownFileType = sourcecode.c.h; path = NALabelII.h; sourceTree = "<group>"; };
		907D5C6623EDB47E001C99E5 /* NATextFieldII.h */ = {isa = PBXFileReference; fileEncoding = 4; lastKnownFileType = sourcecode.c.h; path = NATextFieldII.h; sourceTree = "<group>"; };
		907D5C6723EDB47E001C99E5 /* NAUIImageCocoaII.h */ = {isa = PBXFileReference; fileEncoding = 4; lastKnownFileType = sourcecode.c.h; path = NAUIImageCocoaII.h; sourceTree = "<group>"; };
		907D5C6823EDB47E001C99E5 /* NATranslator.c */ = {isa = PBXFileReference; fileEncoding = 4; lastKnownFileType = sourcecode.c.c; path = NATranslator.c; sourceTree = "<group>"; };
		907D5C6923EDB47E001C99E5 /* NAUIImageII.h */ = {isa = PBXFileReference; fileEncoding = 4; lastKnownFileType = sourcecode.c.h; path = NAUIImageII.h; sourceTree = "<group>"; };
		907D5C6A23EDB47E001C99E5 /* NAUIImage.h */ = {isa = PBXFileReference; fileEncoding = 4; lastKnownFileType = sourcecode.c.h; path = NAUIImage.h; sourceTree = "<group>"; };
		907D5C6B23EDB47E001C99E5 /* NAUICore.c */ = {isa = PBXFileReference; fileEncoding = 4; lastKnownFileType = sourcecode.c.c; path = NAUICore.c; sourceTree = "<group>"; };
		907D5C6E23EDB47E001C99E5 /* NAUIWINAPI.c */ = {isa = PBXFileReference; fileEncoding = 4; lastKnownFileType = sourcecode.c.c; path = NAUIWINAPI.c; sourceTree = "<group>"; };
		907D5C7123EDB47E001C99E5 /* NATextBoxII.h */ = {isa = PBXFileReference; fileEncoding = 4; lastKnownFileType = sourcecode.c.h; path = NATextBoxII.h; sourceTree = "<group>"; };
		907D5C7223EDB47E001C99E5 /* NAApplicationII.h */ = {isa = PBXFileReference; fileEncoding = 4; lastKnownFileType = sourcecode.c.h; path = NAApplicationII.h; sourceTree = "<group>"; };
		907D5C7323EDB47E001C99E5 /* NAUIWINAPIII.h */ = {isa = PBXFileReference; fileEncoding = 4; lastKnownFileType = sourcecode.c.h; path = NAUIWINAPIII.h; sourceTree = "<group>"; };
		907D5C7423EDB47E001C99E5 /* NAWindowII.h */ = {isa = PBXFileReference; fileEncoding = 4; lastKnownFileType = sourcecode.c.h; path = NAWindowII.h; sourceTree = "<group>"; };
		907D5C7523EDB47E001C99E5 /* NAButtonII.h */ = {isa = PBXFileReference; fileEncoding = 4; lastKnownFileType = sourcecode.c.h; path = NAButtonII.h; sourceTree = "<group>"; };
		907D5C7623EDB47E001C99E5 /* NACheckBoxII.h */ = {isa = PBXFileReference; fileEncoding = 4; lastKnownFileType = sourcecode.c.h; path = NACheckBoxII.h; sourceTree = "<group>"; };
		907D5C7723EDB47E001C99E5 /* NARadioII.h */ = {isa = PBXFileReference; fileEncoding = 4; lastKnownFileType = sourcecode.c.h; path = NARadioII.h; sourceTree = "<group>"; };
		907D5C7823EDB47E001C99E5 /* NAOpenGLSpaceII.h */ = {isa = PBXFileReference; fileEncoding = 4; lastKnownFileType = sourcecode.c.h; path = NAOpenGLSpaceII.h; sourceTree = "<group>"; };
		907D5C7923EDB47E001C99E5 /* NASpaceII.h */ = {isa = PBXFileReference; fileEncoding = 4; lastKnownFileType = sourcecode.c.h; path = NASpaceII.h; sourceTree = "<group>"; };
		907D5C7A23EDB47E001C99E5 /* NAImageSpaceII.h */ = {isa = PBXFileReference; fileEncoding = 4; lastKnownFileType = sourcecode.c.h; path = NAImageSpaceII.h; sourceTree = "<group>"; };
		907D5C7B23EDB47E001C99E5 /* NALabelII.h */ = {isa = PBXFileReference; fileEncoding = 4; lastKnownFileType = sourcecode.c.h; path = NALabelII.h; sourceTree = "<group>"; };
		907D5C7C23EDB47E001C99E5 /* NATextFieldII.h */ = {isa = PBXFileReference; fileEncoding = 4; lastKnownFileType = sourcecode.c.h; path = NATextFieldII.h; sourceTree = "<group>"; };
		907D5C7D23EDB47E001C99E5 /* NAUIImageWINAPIII.h */ = {isa = PBXFileReference; fileEncoding = 4; lastKnownFileType = sourcecode.c.h; path = NAUIImageWINAPIII.h; sourceTree = "<group>"; };
		907D5C7E23EDB47E001C99E5 /* NAPreferencesWINAPIII.h */ = {isa = PBXFileReference; fileEncoding = 4; lastKnownFileType = sourcecode.c.h; path = NAPreferencesWINAPIII.h; sourceTree = "<group>"; };
		907D5C7F23EDB47E001C99E5 /* NAUIImage.c */ = {isa = PBXFileReference; fileEncoding = 4; lastKnownFileType = sourcecode.c.c; path = NAUIImage.c; sourceTree = "<group>"; };
		907D5C8023EDB47E001C99E5 /* NABabyColor.h */ = {isa = PBXFileReference; fileEncoding = 4; lastKnownFileType = sourcecode.c.h; path = NABabyColor.h; sourceTree = "<group>"; };
		907D5C8223EDB47E001C99E5 /* NARandomII.h */ = {isa = PBXFileReference; fileEncoding = 4; lastKnownFileType = sourcecode.c.h; path = NARandomII.h; sourceTree = "<group>"; };
		907D5C8323EDB47E001C99E5 /* NAComplexII.h */ = {isa = PBXFileReference; fileEncoding = 4; lastKnownFileType = sourcecode.c.h; path = NAComplexII.h; sourceTree = "<group>"; };
		907D5C8523EDB47E001C99E5 /* NAVectorBaseOperations.h */ = {isa = PBXFileReference; fileEncoding = 4; lastKnownFileType = sourcecode.c.h; path = NAVectorBaseOperations.h; sourceTree = "<group>"; };
		907D5C8623EDB47E001C99E5 /* NAMatrixBaseOperations.h */ = {isa = PBXFileReference; fileEncoding = 4; lastKnownFileType = sourcecode.c.h; path = NAMatrixBaseOperations.h; sourceTree = "<group>"; };
		907D5C8723EDB47E001C99E5 /* NAVectorComponentwise.h */ = {isa = PBXFileReference; fileEncoding = 4; lastKnownFileType = sourcecode.c.h; path = NAVectorComponentwise.h; sourceTree = "<group>"; };
		907D5C8823EDB47E001C99E5 /* NAMatrixComparison.h */ = {isa = PBXFileReference; fileEncoding = 4; lastKnownFileType = sourcecode.c.h; path = NAMatrixComparison.h; sourceTree = "<group>"; };
		907D5C8923EDB47E001C99E5 /* NAMatrixMultiplication.h */ = {isa = PBXFileReference; fileEncoding = 4; lastKnownFileType = sourcecode.c.h; path = NAMatrixMultiplication.h; sourceTree = "<group>"; };
		907D5C8A23EDB47E001C99E5 /* NAVectorFiller.h */ = {isa = PBXFileReference; fileEncoding = 4; lastKnownFileType = sourcecode.c.h; path = NAVectorFiller.h; sourceTree = "<group>"; };
		907D5C8B23EDB47E001C99E5 /* NAMatrixFiller.h */ = {isa = PBXFileReference; fileEncoding = 4; lastKnownFileType = sourcecode.c.h; path = NAMatrixFiller.h; sourceTree = "<group>"; };
		907D5C8C23EDB47E001C99E5 /* NAMatrixAlgebraOperations.h */ = {isa = PBXFileReference; fileEncoding = 4; lastKnownFileType = sourcecode.c.h; path = NAMatrixAlgebraOperations.h; sourceTree = "<group>"; };
		907D5C8D23EDB47E001C99E5 /* NAVectorProducts.h */ = {isa = PBXFileReference; fileEncoding = 4; lastKnownFileType = sourcecode.c.h; path = NAVectorProducts.h; sourceTree = "<group>"; };
		907D5C8E23EDB47E001C99E5 /* NAVectorGeometry.h */ = {isa = PBXFileReference; fileEncoding = 4; lastKnownFileType = sourcecode.c.h; path = NAVectorGeometry.h; sourceTree = "<group>"; };
		907D5C8F23EDB47E001C99E5 /* NAMatrixRotations.h */ = {isa = PBXFileReference; fileEncoding = 4; lastKnownFileType = sourcecode.c.h; path = NAMatrixRotations.h; sourceTree = "<group>"; };
		907D5C9023EDB47E001C99E5 /* NAHomogeneousCoordinates.h */ = {isa = PBXFileReference; fileEncoding = 4; lastKnownFileType = sourcecode.c.h; path = NAHomogeneousCoordinates.h; sourceTree = "<group>"; };
		907D5C9123EDB47E001C99E5 /* NAMatrixComponentwise.h */ = {isa = PBXFileReference; fileEncoding = 4; lastKnownFileType = sourcecode.c.h; path = NAMatrixComponentwise.h; sourceTree = "<group>"; };
		907D5C9223EDB47E001C99E5 /* NAVectorComparison.h */ = {isa = PBXFileReference; fileEncoding = 4; lastKnownFileType = sourcecode.c.h; path = NAVectorComparison.h; sourceTree = "<group>"; };
		907D5C9323EDB47E001C99E5 /* NAVectorAlgebraII.h */ = {isa = PBXFileReference; fileEncoding = 4; lastKnownFileType = sourcecode.c.h; path = NAVectorAlgebraII.h; sourceTree = "<group>"; };
		907D5C9423EDB47E001C99E5 /* NACoordII.h */ = {isa = PBXFileReference; fileEncoding = 4; lastKnownFileType = sourcecode.c.h; path = NACoordII.h; sourceTree = "<group>"; };
		907D5C9523EDB47E001C99E5 /* NAMathOperatorsII.h */ = {isa = PBXFileReference; fileEncoding = 4; lastKnownFileType = sourcecode.c.h; path = NAMathOperatorsII.h; sourceTree = "<group>"; };
		907D5C9623EDB47E001C99E5 /* NATranslator.h */ = {isa = PBXFileReference; fileEncoding = 4; lastKnownFileType = sourcecode.c.h; path = NATranslator.h; sourceTree = "<group>"; };
		907D5C9723EDB47E001C99E5 /* NACoord.h */ = {isa = PBXFileReference; fileEncoding = 4; lastKnownFileType = sourcecode.c.h; path = NACoord.h; sourceTree = "<group>"; };
		907D5C9823EDB47E001C99E5 /* NAPool.h */ = {isa = PBXFileReference; fileEncoding = 4; lastKnownFileType = sourcecode.c.h; path = NAPool.h; sourceTree = "<group>"; };
		90A7DD9F23EBF93A00B60069 /* smallCompany */ = {isa = PBXFileReference; explicitFileType = "compiled.mach-o.executable"; includeInIndex = 0; path = smallCompany; sourceTree = BUILT_PRODUCTS_DIR; };
/* End PBXFileReference section */

/* Begin PBXFrameworksBuildPhase section */
		90A7DD9C23EBF93A00B60069 /* Frameworks */ = {
			isa = PBXFrameworksBuildPhase;
			buildActionMask = 2147483647;
			files = (
			);
			runOnlyForDeploymentPostprocessing = 0;
		};
/* End PBXFrameworksBuildPhase section */

/* Begin PBXGroup section */
		901394FB23EB4F8D00176312 /* Firmy */ = {
			isa = PBXGroup;
			children = (
				901394FC23EB4F8D00176312 /* Firmy.vcxproj */,
				901394FD23EB4F8D00176312 /* src */,
			);
			name = Firmy;
			path = ../code/Firmy;
			sourceTree = "<group>";
		};
		901394FD23EB4F8D00176312 /* src */ = {
			isa = PBXGroup;
			children = (
				901394FE23EB4F8D00176312 /* FIAccount.c */,
				901394FF23EB4F8D00176312 /* FIBooking.c */,
				9013950023EB4F8D00176312 /* FIFungible.c */,
				9013950123EB4F8D00176312 /* FIPeriod.c */,
				9013950223EB4F8D00176312 /* FirmyInternal.h */,
				9013950323EB4F8D00176312 /* Firmy.h */,
				9013950423EB4F8D00176312 /* FIUnit.c */,
			);
			path = src;
			sourceTree = "<group>";
		};
		9013950F23EB4F9600176312 /* test */ = {
			isa = PBXGroup;
			children = (
				9013951023EB4F9600176312 /* Test.vcxproj */,
				9013951123EB4F9600176312 /* src */,
			);
			name = test;
			path = ../code/test;
			sourceTree = "<group>";
		};
		9013951123EB4F9600176312 /* src */ = {
			isa = PBXGroup;
			children = (
				9013951223EB4F9600176312 /* smallCompany.c */,
			);
			path = src;
			sourceTree = "<group>";
		};
		907D5BD823EDB47E001C99E5 /* NALib */ = {
			isa = PBXGroup;
			children = (
				907D5BD923EDB47E001C99E5 /* NALib.vcxproj */,
				907D5BDA23EDB47E001C99E5 /* NALibVS2010.vcxproj */,
				907D5BDB23EDB47E001C99E5 /* src */,
			);
			name = NALib;
			path = ../../NALib/code/NALib;
			sourceTree = "<group>";
		};
		907D5BDB23EDB47E001C99E5 /* src */ = {
			isa = PBXGroup;
			children = (
				907D5BDC23EDB47E001C99E5 /* NAMathConstants.h */,
				907D5BDD23EDB47E001C99E5 /* NAMemory.h */,
				907D5BDE23EDB47E001C99E5 /* NAComplex.h */,
				907D5BDF23EDB47E001C99E5 /* NAConfiguration.h */,
				907D5BE023EDB47E001C99E5 /* NABase.h */,
				907D5BE123EDB47E001C99E5 /* NABuffer.h */,
				907D5BE223EDB47E001C99E5 /* NAArray.h */,
				907D5BE323EDB47E001C99E5 /* NAThreading.h */,
				907D5BE423EDB47E001C99E5 /* NAStack.h */,
				907D5BE523EDB47E001C99E5 /* NADeflate.h */,
				907D5BE623EDB47E001C99E5 /* NAList.h */,
				907D5BE723EDB47E001C99E5 /* NABabyImage.h */,
				907D5BE823EDB47E001C99E5 /* NAString.h */,
				907D5BE923EDB47E001C99E5 /* NARandom.h */,
				907D5BEA23EDB47E001C99E5 /* NAPreferences.h */,
				907D5BEB23EDB47E001C99E5 /* NAStruct */,
				907D5C1B23EDB47E001C99E5 /* NABase */,
				907D5C2A23EDB47E001C99E5 /* NAURL.h */,
				907D5C2B23EDB47E001C99E5 /* NAHeap.h */,
				907D5C2C23EDB47E001C99E5 /* NAVisual */,
				907D5C3123EDB47E001C99E5 /* NAPNG.h */,
				907D5C3223EDB47E001C99E5 /* NAFile.h */,
				907D5C3323EDB47E001C99E5 /* NAVectorAlgebra.h */,
				907D5C3423EDB47E001C99E5 /* NAMathOperators.h */,
				907D5C3523EDB47E001C99E5 /* NADateTime.h */,
				907D5C3623EDB47E001C99E5 /* NABinaryData.h */,
				907D5C3723EDB47E001C99E5 /* NAUI.h */,
				907D5C3823EDB47E001C99E5 /* NACore */,
				907D5C4F23EDB47E001C99E5 /* NAKey.h */,
				907D5C5023EDB47E001C99E5 /* NATree.h */,
				907D5C5123EDB47E001C99E5 /* NACircularBuffer.h */,
				907D5C5223EDB47E001C99E5 /* NAEnvironment */,
				907D5C8023EDB47E001C99E5 /* NABabyColor.h */,
				907D5C8123EDB47E001C99E5 /* NAMath */,
				907D5C9623EDB47E001C99E5 /* NATranslator.h */,
				907D5C9723EDB47E001C99E5 /* NACoord.h */,
				907D5C9823EDB47E001C99E5 /* NAPool.h */,
			);
			path = src;
			sourceTree = "<group>";
		};
		907D5BEB23EDB47E001C99E5 /* NAStruct */ = {
			isa = PBXGroup;
			children = (
				907D5BEC23EDB47E001C99E5 /* NAHeap */,
				907D5BF023EDB47E001C99E5 /* NAStringII.h */,
				907D5BF123EDB47E001C99E5 /* NABuffer */,
				907D5C0423EDB47E001C99E5 /* NAStackII.h */,
				907D5C0523EDB47E001C99E5 /* NACircularBufferII.h */,
				907D5C0623EDB47E001C99E5 /* NATree */,
				907D5C1623EDB47E001C99E5 /* NAPoolII.h */,
				907D5C1723EDB47E001C99E5 /* NAListII.h */,
				907D5C1823EDB47E001C99E5 /* NAString.c */,
				907D5C1923EDB47E001C99E5 /* NAList.c */,
				907D5C1A23EDB47E001C99E5 /* NAArrayII.h */,
			);
			path = NAStruct;
			sourceTree = "<group>";
		};
		907D5BEC23EDB47E001C99E5 /* NAHeap */ = {
			isa = PBXGroup;
			children = (
				907D5BED23EDB47E001C99E5 /* NAHeapII.h */,
				907D5BEE23EDB47E001C99E5 /* NAHeapT.h */,
				907D5BEF23EDB47E001C99E5 /* NAHeap.c */,
			);
			path = NAHeap;
			sourceTree = "<group>";
		};
		907D5BF123EDB47E001C99E5 /* NABuffer */ = {
			isa = PBXGroup;
			children = (
				907D5BF223EDB47E001C99E5 /* NABufferII.h */,
				907D5BF323EDB47E001C99E5 /* NABufferManipulation.c */,
				907D5BF423EDB47E001C99E5 /* NABufferPart.c */,
				907D5BF523EDB47E001C99E5 /* NABufferWriteII.h */,
				907D5BF623EDB47E001C99E5 /* NABufferRead.c */,
				907D5BF723EDB47E001C99E5 /* NABufferIterationII.h */,
				907D5BF823EDB47E001C99E5 /* NABufferParseII.h */,
				907D5BF923EDB47E001C99E5 /* NABufferIteration.c */,
				907D5BFA23EDB47E001C99E5 /* NABufferWrite.c */,
				907D5BFB23EDB47E001C99E5 /* NABufferHelperII.h */,
				907D5BFC23EDB47E001C99E5 /* NAMemoryBlockII.h */,
				907D5BFD23EDB47E001C99E5 /* NABufferParse.c */,
				907D5BFE23EDB47E001C99E5 /* NABufferPartII.h */,
				907D5BFF23EDB47E001C99E5 /* NABuffer.c */,
				907D5C0023EDB47E001C99E5 /* NAMemoryBlock.c */,
				907D5C0123EDB47E001C99E5 /* NABufferReadII.h */,
				907D5C0223EDB47E001C99E5 /* NABufferSource.c */,
				907D5C0323EDB47E001C99E5 /* NABufferSourceII.h */,
			);
			path = NABuffer;
			sourceTree = "<group>";
		};
		907D5C0623EDB47E001C99E5 /* NATree */ = {
			isa = PBXGroup;
			children = (
				907D5C0723EDB47E001C99E5 /* NATreeOct.h */,
				907D5C0823EDB47E001C99E5 /* NATreeBin.h */,
				907D5C0923EDB47E001C99E5 /* NATree.c */,
				907D5C0A23EDB47E001C99E5 /* NATreeIteration.c */,
				907D5C0B23EDB47E001C99E5 /* NATreeQuad.h */,
				907D5C0C23EDB47E001C99E5 /* NATreeConfigurationII.h */,
				907D5C0D23EDB47E001C99E5 /* NATreeII.h */,
				907D5C0E23EDB47E001C99E5 /* NATreeIterationII.h */,
				907D5C0F23EDB47E001C99E5 /* NATreeBin.c */,
				907D5C1023EDB47E001C99E5 /* NATreeOct.c */,
				907D5C1123EDB47E001C99E5 /* NATreeQuad.c */,
				907D5C1223EDB47E001C99E5 /* NATreeConfiguration.c */,
				907D5C1323EDB47E001C99E5 /* NATreeUtilitiesII.h */,
				907D5C1423EDB47E001C99E5 /* NATreeAVL.c */,
				907D5C1523EDB47E001C99E5 /* NATreeItemII.h */,
			);
			path = NATree;
			sourceTree = "<group>";
		};
		907D5C1B23EDB47E001C99E5 /* NABase */ = {
			isa = PBXGroup;
			children = (
				907D5C1C23EDB47E001C99E5 /* NAInteger.h */,
				907D5C1D23EDB47E001C99E5 /* NADebug.c */,
				907D5C1E23EDB47E001C99E5 /* NANumerics.h */,
				907D5C1F23EDB47E001C99E5 /* NATemplate.h */,
				907D5C2023EDB47E001C99E5 /* NAFloatingPoint.h */,
				907D5C2123EDB47E001C99E5 /* NAInt64II.h */,
				907D5C2223EDB47E001C99E5 /* NAChar.h */,
				907D5C2323EDB47E001C99E5 /* NAEnvironment.h */,
				907D5C2423EDB47E001C99E5 /* NADebug.h */,
				907D5C2523EDB47E001C99E5 /* NALanguage.h */,
				907D5C2623EDB47E001C99E5 /* NAInt64.h */,
				907D5C2723EDB47E001C99E5 /* NANumericsII.h */,
				907D5C2823EDB47E001C99E5 /* NAFloatingPointII.h */,
				907D5C2923EDB47E001C99E5 /* NACompiler.h */,
			);
			path = NABase;
			sourceTree = "<group>";
		};
		907D5C2C23EDB47E001C99E5 /* NAVisual */ = {
			isa = PBXGroup;
			children = (
				907D5C2D23EDB47E001C99E5 /* NAPNG.c */,
				907D5C2E23EDB47E001C99E5 /* NABabyColor.c */,
				907D5C2F23EDB47E001C99E5 /* NABabyImage.c */,
				907D5C3023EDB47E001C99E5 /* NADeflate.c */,
			);
			path = NAVisual;
			sourceTree = "<group>";
		};
		907D5C3823EDB47E001C99E5 /* NACore */ = {
			isa = PBXGroup;
			children = (
				907D5C3923EDB47E001C99E5 /* NAFile.c */,
				907D5C3A23EDB47E001C99E5 /* NADateTime.c */,
				907D5C3B23EDB47E001C99E5 /* NADateTimeII.h */,
				907D5C3C23EDB47E001C99E5 /* NAThreadingII.h */,
				907D5C3D23EDB47E001C99E5 /* NAURLII.h */,
				907D5C3E23EDB47E001C99E5 /* NAFileII.h */,
				907D5C3F23EDB47E001C99E5 /* NAKeyII.h */,
				907D5C4023EDB47E001C99E5 /* NAURL.c */,
				907D5C4123EDB47E001C99E5 /* NAMemory */,
				907D5C4A23EDB47E001C99E5 /* NAValueHelper.h */,
				907D5C4B23EDB47E001C99E5 /* NABinaryData */,
			);
			path = NACore;
			sourceTree = "<group>";
		};
		907D5C4123EDB47E001C99E5 /* NAMemory */ = {
			isa = PBXGroup;
			children = (
				907D5C4223EDB47E001C99E5 /* NARuntimeII.h */,
				907D5C4323EDB47E001C99E5 /* NARefCountII.h */,
				907D5C4423EDB47E001C99E5 /* NAMallocFreeII.h */,
				907D5C4523EDB47E001C99E5 /* NAMemoryII.h */,
				907D5C4623EDB47E001C99E5 /* NAPointerII.h */,
				907D5C4723EDB47E001C99E5 /* NAPtrII.h */,
				907D5C4823EDB47E001C99E5 /* NASmartPtrII.h */,
				907D5C4923EDB47E001C99E5 /* NARuntime.c */,
			);
			path = NAMemory;
			sourceTree = "<group>";
		};
		907D5C4B23EDB47E001C99E5 /* NABinaryData */ = {
			isa = PBXGroup;
			children = (
				907D5C4C23EDB47E001C99E5 /* NABinaryData.c */,
				907D5C4D23EDB47E001C99E5 /* NABinaryDataII.h */,
				907D5C4E23EDB47E001C99E5 /* NAEndiannessII.h */,
			);
			path = NABinaryData;
			sourceTree = "<group>";
		};
		907D5C5223EDB47E001C99E5 /* NAEnvironment */ = {
			isa = PBXGroup;
			children = (
				907D5C5323EDB47E001C99E5 /* NAUICore.h */,
				907D5C5423EDB47E001C99E5 /* macOS */,
				907D5C6823EDB47E001C99E5 /* NATranslator.c */,
				907D5C6923EDB47E001C99E5 /* NAUIImageII.h */,
				907D5C6A23EDB47E001C99E5 /* NAUIImage.h */,
				907D5C6B23EDB47E001C99E5 /* NAUICore.c */,
				907D5C6C23EDB47E001C99E5 /* Windows */,
				907D5C7F23EDB47E001C99E5 /* NAUIImage.c */,
			);
			path = NAEnvironment;
			sourceTree = "<group>";
		};
		907D5C5423EDB47E001C99E5 /* macOS */ = {
			isa = PBXGroup;
			children = (
				907D5C5523EDB47E001C99E5 /* Cocoa */,
			);
			path = macOS;
			sourceTree = "<group>";
		};
		907D5C5523EDB47E001C99E5 /* Cocoa */ = {
			isa = PBXGroup;
			children = (
				907D5C5623EDB47E001C99E5 /* NACocoa.m */,
				907D5C5723EDB47E001C99E5 /* ObjectiveC */,
			);
			path = Cocoa;
			sourceTree = "<group>";
		};
		907D5C5723EDB47E001C99E5 /* ObjectiveC */ = {
			isa = PBXGroup;
			children = (
				907D5C5823EDB47E001C99E5 /* NAPreferencesCocoaII.h */,
				907D5C5923EDB47E001C99E5 /* UI */,
				907D5C6723EDB47E001C99E5 /* NAUIImageCocoaII.h */,
			);
			path = ObjectiveC;
			sourceTree = "<group>";
		};
		907D5C5923EDB47E001C99E5 /* UI */ = {
			isa = PBXGroup;
			children = (
				907D5C5A23EDB47E001C99E5 /* NATextBoxII.h */,
				907D5C5B23EDB47E001C99E5 /* NAApplicationII.h */,
				907D5C5C23EDB47E001C99E5 /* NAWindowII.h */,
				907D5C5D23EDB47E001C99E5 /* NAUICocoaLegacyII.h */,
				907D5C5E23EDB47E001C99E5 /* NAButtonII.h */,
				907D5C5F23EDB47E001C99E5 /* NACheckBoxII.h */,
				907D5C6023EDB47E001C99E5 /* NARadioII.h */,
				907D5C6123EDB47E001C99E5 /* NAOpenGLSpaceII.h */,
				907D5C6223EDB47E001C99E5 /* NAUICocoaII.h */,
				907D5C6323EDB47E001C99E5 /* NASpaceII.h */,
				907D5C6423EDB47E001C99E5 /* NAImageSpaceII.h */,
				907D5C6523EDB47E001C99E5 /* NALabelII.h */,
				907D5C6623EDB47E001C99E5 /* NATextFieldII.h */,
			);
			path = UI;
			sourceTree = "<group>";
		};
		907D5C6C23EDB47E001C99E5 /* Windows */ = {
			isa = PBXGroup;
			children = (
				907D5C6D23EDB47E001C99E5 /* WINAPI */,
			);
			path = Windows;
			sourceTree = "<group>";
		};
		907D5C6D23EDB47E001C99E5 /* WINAPI */ = {
			isa = PBXGroup;
			children = (
				907D5C6E23EDB47E001C99E5 /* NAUIWINAPI.c */,
				907D5C6F23EDB47E001C99E5 /* C */,
			);
			path = WINAPI;
			sourceTree = "<group>";
		};
		907D5C6F23EDB47E001C99E5 /* C */ = {
			isa = PBXGroup;
			children = (
				907D5C7023EDB47E001C99E5 /* UI */,
				907D5C7D23EDB47E001C99E5 /* NAUIImageWINAPIII.h */,
				907D5C7E23EDB47E001C99E5 /* NAPreferencesWINAPIII.h */,
			);
			path = C;
			sourceTree = "<group>";
		};
		907D5C7023EDB47E001C99E5 /* UI */ = {
			isa = PBXGroup;
			children = (
				907D5C7123EDB47E001C99E5 /* NATextBoxII.h */,
				907D5C7223EDB47E001C99E5 /* NAApplicationII.h */,
				907D5C7323EDB47E001C99E5 /* NAUIWINAPIII.h */,
				907D5C7423EDB47E001C99E5 /* NAWindowII.h */,
				907D5C7523EDB47E001C99E5 /* NAButtonII.h */,
				907D5C7623EDB47E001C99E5 /* NACheckBoxII.h */,
				907D5C7723EDB47E001C99E5 /* NARadioII.h */,
				907D5C7823EDB47E001C99E5 /* NAOpenGLSpaceII.h */,
				907D5C7923EDB47E001C99E5 /* NASpaceII.h */,
				907D5C7A23EDB47E001C99E5 /* NAImageSpaceII.h */,
				907D5C7B23EDB47E001C99E5 /* NALabelII.h */,
				907D5C7C23EDB47E001C99E5 /* NATextFieldII.h */,
			);
			path = UI;
			sourceTree = "<group>";
		};
		907D5C8123EDB47E001C99E5 /* NAMath */ = {
			isa = PBXGroup;
			children = (
				907D5C8223EDB47E001C99E5 /* NARandomII.h */,
				907D5C8323EDB47E001C99E5 /* NAComplexII.h */,
				907D5C8423EDB47E001C99E5 /* NAVectorAlgebra */,
				907D5C9323EDB47E001C99E5 /* NAVectorAlgebraII.h */,
				907D5C9423EDB47E001C99E5 /* NACoordII.h */,
				907D5C9523EDB47E001C99E5 /* NAMathOperatorsII.h */,
			);
			path = NAMath;
			sourceTree = "<group>";
		};
		907D5C8423EDB47E001C99E5 /* NAVectorAlgebra */ = {
			isa = PBXGroup;
			children = (
				907D5C8523EDB47E001C99E5 /* NAVectorBaseOperations.h */,
				907D5C8623EDB47E001C99E5 /* NAMatrixBaseOperations.h */,
				907D5C8723EDB47E001C99E5 /* NAVectorComponentwise.h */,
				907D5C8823EDB47E001C99E5 /* NAMatrixComparison.h */,
				907D5C8923EDB47E001C99E5 /* NAMatrixMultiplication.h */,
				907D5C8A23EDB47E001C99E5 /* NAVectorFiller.h */,
				907D5C8B23EDB47E001C99E5 /* NAMatrixFiller.h */,
				907D5C8C23EDB47E001C99E5 /* NAMatrixAlgebraOperations.h */,
				907D5C8D23EDB47E001C99E5 /* NAVectorProducts.h */,
				907D5C8E23EDB47E001C99E5 /* NAVectorGeometry.h */,
				907D5C8F23EDB47E001C99E5 /* NAMatrixRotations.h */,
				907D5C9023EDB47E001C99E5 /* NAHomogeneousCoordinates.h */,
				907D5C9123EDB47E001C99E5 /* NAMatrixComponentwise.h */,
				907D5C9223EDB47E001C99E5 /* NAVectorComparison.h */,
			);
			path = NAVectorAlgebra;
			sourceTree = "<group>";
		};
		B95B679814B9F70B00D1C0DD = {
			isa = PBXGroup;
			children = (
				907D5BD823EDB47E001C99E5 /* NALib */,
				901394FB23EB4F8D00176312 /* Firmy */,
				9013950F23EB4F9600176312 /* test */,
				B95B67A914B9F71E00D1C0DD /* Products */,
			);
			sourceTree = "<group>";
		};
		B95B67A914B9F71E00D1C0DD /* Products */ = {
			isa = PBXGroup;
			children = (
				90A7DD9F23EBF93A00B60069 /* smallCompany */,
			);
			name = Products;
			sourceTree = "<group>";
		};
/* End PBXGroup section */

/* Begin PBXNativeTarget section */
		90A7DD9E23EBF93A00B60069 /* smallCompany */ = {
			isa = PBXNativeTarget;
			buildConfigurationList = 90A7DDA323EBF93A00B60069 /* Build configuration list for PBXNativeTarget "smallCompany" */;
			buildPhases = (
				90A7DD9B23EBF93A00B60069 /* Sources */,
				90A7DD9C23EBF93A00B60069 /* Frameworks */,
				90A7DD9D23EBF93A00B60069 /* CopyFiles */,
			);
			buildRules = (
			);
			dependencies = (
			);
			name = smallCompany;
			productName = smallCompany;
			productReference = 90A7DD9F23EBF93A00B60069 /* smallCompany */;
			productType = "com.apple.product-type.tool";
		};
/* End PBXNativeTarget section */

/* Begin PBXProject section */
		B95B679A14B9F70B00D1C0DD /* Project object */ = {
			isa = PBXProject;
			attributes = {
				LastUpgradeCheck = 0700;
				TargetAttributes = {
					90A7DD9E23EBF93A00B60069 = {
						CreatedOnToolsVersion = 11.3;
						ProvisioningStyle = Automatic;
					};
				};
			};
			buildConfigurationList = B95B679D14B9F70B00D1C0DD /* Build configuration list for PBXProject "Firmy" */;
			compatibilityVersion = "Xcode 3.2";
			developmentRegion = English;
			hasScannedForEncodings = 0;
			knownRegions = (
				English,
				Japanese,
				French,
				German,
			);
			mainGroup = B95B679814B9F70B00D1C0DD;
			productRefGroup = B95B67A914B9F71E00D1C0DD /* Products */;
			projectDirPath = "";
			projectRoot = "";
			targets = (
				90A7DD9E23EBF93A00B60069 /* smallCompany */,
			);
		};
/* End PBXProject section */

/* Begin PBXSourcesBuildPhase section */
		90A7DD9B23EBF93A00B60069 /* Sources */ = {
			isa = PBXSourcesBuildPhase;
			buildActionMask = 2147483647;
			files = (
				907D5CA123EDB47E001C99E5 /* NABufferPart.c in Sources */,
				907D5CF523EDB47E001C99E5 /* NATranslator.c in Sources */,
				907D5CA723EDB47E001C99E5 /* NABufferIteration.c in Sources */,
				90A7DDA923EBFA8C00B60069 /* FIFungible.c in Sources */,
				907D5CFE23EDB47E001C99E5 /* NAUIImage.c in Sources */,
				907D5CAD23EDB47E001C99E5 /* NABufferParse.c in Sources */,
				907D5C9E23EDB47E001C99E5 /* NABufferManipulation.c in Sources */,
				907D5CC223EDB47E001C99E5 /* NATreeOct.c in Sources */,
				907D5CBF23EDB47E001C99E5 /* NATreeBin.c in Sources */,
				90A7DDAA23EBFA8C00B60069 /* FIPeriod.c in Sources */,
				907D5CB023EDB47E001C99E5 /* NABuffer.c in Sources */,
				907D5CEC23EDB47E001C99E5 /* NARuntime.c in Sources */,
				907D5CEF23EDB47E001C99E5 /* NABinaryData.c in Sources */,
				907D5CB923EDB47E001C99E5 /* NATree.c in Sources */,
				907D5CF223EDB47E001C99E5 /* NACocoa.m in Sources */,
				907D5CDA23EDB47E001C99E5 /* NABabyColor.c in Sources */,
				90A7DDA723EBFA8C00B60069 /* FIAccount.c in Sources */,
				90A7DFC423ECA1C000B60069 /* smallCompany.c in Sources */,
				907D5CD723EDB47E001C99E5 /* NAPNG.c in Sources */,
				907D5CD423EDB47E001C99E5 /* NADebug.c in Sources */,
				907D5CC523EDB47E001C99E5 /* NATreeQuad.c in Sources */,
				907D5CA423EDB47E001C99E5 /* NABufferRead.c in Sources */,
				907D5CAA23EDB47E001C99E5 /* NABufferWrite.c in Sources */,
				907D5CE023EDB47E001C99E5 /* NADeflate.c in Sources */,
				907D5CB623EDB47E001C99E5 /* NABufferSource.c in Sources */,
				907D5CDD23EDB47E001C99E5 /* NABabyImage.c in Sources */,
				907D5CB323EDB47E001C99E5 /* NAMemoryBlock.c in Sources */,
				907D5CCE23EDB47E001C99E5 /* NAString.c in Sources */,
				907D5CBC23EDB47E001C99E5 /* NATreeIteration.c in Sources */,
				907D5CD123EDB47E001C99E5 /* NAList.c in Sources */,
				907D5CE623EDB47E001C99E5 /* NADateTime.c in Sources */,
				90A7DDAB23EBFA8F00B60069 /* FIUnit.c in Sources */,
				907D5CF823EDB47E001C99E5 /* NAUICore.c in Sources */,
				907D5C9B23EDB47E001C99E5 /* NAHeap.c in Sources */,
				907D5CCB23EDB47E001C99E5 /* NATreeAVL.c in Sources */,
				90A7DDA823EBFA8C00B60069 /* FIBooking.c in Sources */,
				907D5CE923EDB47E001C99E5 /* NAURL.c in Sources */,
				907D5CE323EDB47E001C99E5 /* NAFile.c in Sources */,
				907D5CC823EDB47E001C99E5 /* NATreeConfiguration.c in Sources */,
				907D5CFB23EDB47E001C99E5 /* NAUIWINAPI.c in Sources */,
			);
			runOnlyForDeploymentPostprocessing = 0;
		};
/* End PBXSourcesBuildPhase section */

/* Begin XCBuildConfiguration section */
		90A7DDA423EBF93A00B60069 /* Debug */ = {
			isa = XCBuildConfiguration;
			buildSettings = {
				ALWAYS_SEARCH_USER_PATHS = NO;
				CLANG_ANALYZER_NONNULL = YES;
				CLANG_ANALYZER_NUMBER_OBJECT_CONVERSION = YES_AGGRESSIVE;
				CLANG_CXX_LANGUAGE_STANDARD = "gnu++14";
				CLANG_CXX_LIBRARY = "libc++";
				CLANG_ENABLE_MODULES = YES;
				CLANG_ENABLE_OBJC_ARC = YES;
				CLANG_ENABLE_OBJC_WEAK = YES;
				CLANG_WARN_BLOCK_CAPTURE_AUTORELEASING = YES;
				CLANG_WARN_COMMA = YES;
				CLANG_WARN_DEPRECATED_OBJC_IMPLEMENTATIONS = YES;
				CLANG_WARN_DIRECT_OBJC_ISA_USAGE = YES_ERROR;
				CLANG_WARN_NON_LITERAL_NULL_CONVERSION = YES;
				CLANG_WARN_OBJC_IMPLICIT_RETAIN_SELF = YES;
				CLANG_WARN_OBJC_LITERAL_CONVERSION = YES;
				CLANG_WARN_OBJC_ROOT_CLASS = YES_ERROR;
				CLANG_WARN_RANGE_LOOP_ANALYSIS = YES;
				CLANG_WARN_STRICT_PROTOTYPES = YES;
				CLANG_WARN_SUSPICIOUS_MOVE = YES;
				CLANG_WARN_UNGUARDED_AVAILABILITY = YES_AGGRESSIVE;
				CLANG_WARN_UNREACHABLE_CODE = YES;
				CLANG_WARN__DUPLICATE_METHOD_MATCH = YES;
				CODE_SIGN_STYLE = Automatic;
				DEBUG_INFORMATION_FORMAT = dwarf;
				ENABLE_STRICT_OBJC_MSGSEND = YES;
				GCC_C_LANGUAGE_STANDARD = gnu11;
				GCC_DYNAMIC_NO_PIC = NO;
				GCC_NO_COMMON_BLOCKS = YES;
				GCC_OPTIMIZATION_LEVEL = 0;
				GCC_PREPROCESSOR_DEFINITIONS = (
					"DEBUG=1",
					"$(inherited)",
				);
				GCC_WARN_ABOUT_RETURN_TYPE = YES_ERROR;
				GCC_WARN_UNDECLARED_SELECTOR = YES;
				GCC_WARN_UNINITIALIZED_AUTOS = YES_AGGRESSIVE;
				MACOSX_DEPLOYMENT_TARGET = 10.15;
				MTL_ENABLE_DEBUG_INFO = INCLUDE_SOURCE;
				MTL_FAST_MATH = YES;
				PRODUCT_NAME = "$(TARGET_NAME)";
				SDKROOT = macosx;
			};
			name = Debug;
		};
		90A7DDA523EBF93A00B60069 /* Release */ = {
			isa = XCBuildConfiguration;
			buildSettings = {
				ALWAYS_SEARCH_USER_PATHS = NO;
				CLANG_ANALYZER_NONNULL = YES;
				CLANG_ANALYZER_NUMBER_OBJECT_CONVERSION = YES_AGGRESSIVE;
				CLANG_CXX_LANGUAGE_STANDARD = "gnu++14";
				CLANG_CXX_LIBRARY = "libc++";
				CLANG_ENABLE_MODULES = YES;
				CLANG_ENABLE_OBJC_ARC = YES;
				CLANG_ENABLE_OBJC_WEAK = YES;
				CLANG_WARN_BLOCK_CAPTURE_AUTORELEASING = YES;
				CLANG_WARN_COMMA = YES;
				CLANG_WARN_DEPRECATED_OBJC_IMPLEMENTATIONS = YES;
				CLANG_WARN_DIRECT_OBJC_ISA_USAGE = YES_ERROR;
				CLANG_WARN_NON_LITERAL_NULL_CONVERSION = YES;
				CLANG_WARN_OBJC_IMPLICIT_RETAIN_SELF = YES;
				CLANG_WARN_OBJC_LITERAL_CONVERSION = YES;
				CLANG_WARN_OBJC_ROOT_CLASS = YES_ERROR;
				CLANG_WARN_RANGE_LOOP_ANALYSIS = YES;
				CLANG_WARN_STRICT_PROTOTYPES = YES;
				CLANG_WARN_SUSPICIOUS_MOVE = YES;
				CLANG_WARN_UNGUARDED_AVAILABILITY = YES_AGGRESSIVE;
				CLANG_WARN_UNREACHABLE_CODE = YES;
				CLANG_WARN__DUPLICATE_METHOD_MATCH = YES;
				CODE_SIGN_STYLE = Automatic;
				COPY_PHASE_STRIP = NO;
				DEBUG_INFORMATION_FORMAT = "dwarf-with-dsym";
				ENABLE_NS_ASSERTIONS = NO;
				ENABLE_STRICT_OBJC_MSGSEND = YES;
				GCC_C_LANGUAGE_STANDARD = gnu11;
				GCC_NO_COMMON_BLOCKS = YES;
				GCC_WARN_ABOUT_RETURN_TYPE = YES_ERROR;
				GCC_WARN_UNDECLARED_SELECTOR = YES;
				GCC_WARN_UNINITIALIZED_AUTOS = YES_AGGRESSIVE;
				MACOSX_DEPLOYMENT_TARGET = 10.15;
				MTL_ENABLE_DEBUG_INFO = NO;
				MTL_FAST_MATH = YES;
				PRODUCT_NAME = "$(TARGET_NAME)";
				SDKROOT = macosx;
			};
			name = Release;
		};
		B95B679B14B9F70B00D1C0DD /* Debug */ = {
			isa = XCBuildConfiguration;
			buildSettings = {
				CLANG_WARN_ASSIGN_ENUM = YES;
				CLANG_WARN_BOOL_CONVERSION = YES;
				CLANG_WARN_CONSTANT_CONVERSION = YES;
				CLANG_WARN_DOCUMENTATION_COMMENTS = YES;
				CLANG_WARN_EMPTY_BODY = YES;
				CLANG_WARN_ENUM_CONVERSION = YES;
				CLANG_WARN_IMPLICIT_SIGN_CONVERSION = YES;
				CLANG_WARN_INFINITE_RECURSION = YES;
				CLANG_WARN_INT_CONVERSION = YES;
				CLANG_WARN_SUSPICIOUS_IMPLICIT_CONVERSION = YES;
				CLANG_WARN_UNREACHABLE_CODE = YES_AGGRESSIVE;
				COPY_PHASE_STRIP = NO;
				ENABLE_TESTABILITY = YES;
				GCC_TREAT_INCOMPATIBLE_POINTER_TYPE_WARNINGS_AS_ERRORS = YES;
				GCC_WARN_64_TO_32_BIT_CONVERSION = YES;
				GCC_WARN_ABOUT_MISSING_FIELD_INITIALIZERS = YES;
				GCC_WARN_ABOUT_MISSING_NEWLINE = YES;
				GCC_WARN_ABOUT_RETURN_TYPE = YES;
				GCC_WARN_FOUR_CHARACTER_CONSTANTS = YES;
				GCC_WARN_INITIALIZER_NOT_FULLY_BRACKETED = YES;
				GCC_WARN_PEDANTIC = YES;
				GCC_WARN_SHADOW = YES;
				GCC_WARN_SIGN_COMPARE = YES;
				GCC_WARN_UNINITIALIZED_AUTOS = YES;
				GCC_WARN_UNKNOWN_PRAGMAS = YES;
				GCC_WARN_UNUSED_FUNCTION = YES;
				GCC_WARN_UNUSED_LABEL = YES;
				GCC_WARN_UNUSED_PARAMETER = YES;
				GCC_WARN_UNUSED_VARIABLE = YES;
				MACOSX_DEPLOYMENT_TARGET = 10.9;
				ONLY_ACTIVE_ARCH = YES;
			};
			name = Debug;
		};
		B95B679C14B9F70B00D1C0DD /* Release */ = {
			isa = XCBuildConfiguration;
			buildSettings = {
				CLANG_WARN_ASSIGN_ENUM = YES;
				CLANG_WARN_BOOL_CONVERSION = YES;
				CLANG_WARN_CONSTANT_CONVERSION = YES;
				CLANG_WARN_DOCUMENTATION_COMMENTS = YES;
				CLANG_WARN_EMPTY_BODY = YES;
				CLANG_WARN_ENUM_CONVERSION = YES;
				CLANG_WARN_IMPLICIT_SIGN_CONVERSION = YES;
				CLANG_WARN_INFINITE_RECURSION = YES;
				CLANG_WARN_INT_CONVERSION = YES;
				CLANG_WARN_SUSPICIOUS_IMPLICIT_CONVERSION = YES;
				CLANG_WARN_UNREACHABLE_CODE = YES_AGGRESSIVE;
				COPY_PHASE_STRIP = YES;
				GCC_PREPROCESSOR_DEFINITIONS = NDEBUG;
				GCC_TREAT_INCOMPATIBLE_POINTER_TYPE_WARNINGS_AS_ERRORS = YES;
				GCC_WARN_64_TO_32_BIT_CONVERSION = YES;
				GCC_WARN_ABOUT_MISSING_FIELD_INITIALIZERS = YES;
				GCC_WARN_ABOUT_MISSING_NEWLINE = YES;
				GCC_WARN_ABOUT_RETURN_TYPE = YES;
				GCC_WARN_FOUR_CHARACTER_CONSTANTS = YES;
				GCC_WARN_INITIALIZER_NOT_FULLY_BRACKETED = YES;
				GCC_WARN_PEDANTIC = YES;
				GCC_WARN_SHADOW = YES;
				GCC_WARN_SIGN_COMPARE = YES;
				GCC_WARN_UNINITIALIZED_AUTOS = YES;
				GCC_WARN_UNKNOWN_PRAGMAS = YES;
				GCC_WARN_UNUSED_FUNCTION = YES;
				GCC_WARN_UNUSED_LABEL = YES;
				GCC_WARN_UNUSED_PARAMETER = YES;
				GCC_WARN_UNUSED_VARIABLE = YES;
				MACOSX_DEPLOYMENT_TARGET = 10.9;
			};
			name = Release;
		};
/* End XCBuildConfiguration section */

/* Begin XCConfigurationList section */
		90A7DDA323EBF93A00B60069 /* Build configuration list for PBXNativeTarget "smallCompany" */ = {
			isa = XCConfigurationList;
			buildConfigurations = (
				90A7DDA423EBF93A00B60069 /* Debug */,
				90A7DDA523EBF93A00B60069 /* Release */,
			);
			defaultConfigurationIsVisible = 0;
			defaultConfigurationName = Release;
		};
		B95B679D14B9F70B00D1C0DD /* Build configuration list for PBXProject "Firmy" */ = {
			isa = XCConfigurationList;
			buildConfigurations = (
				B95B679B14B9F70B00D1C0DD /* Debug */,
				B95B679C14B9F70B00D1C0DD /* Release */,
			);
			defaultConfigurationIsVisible = 0;
			defaultConfigurationName = Release;
		};
/* End XCConfigurationList section */
	};
	rootObject = B95B679A14B9F70B00D1C0DD /* Project object */;
}
